speakeasyVersion: 1.399.0
sources:
    livepeer-studio-api:
        sourceNamespace: livepeer-studio-api
        sourceRevisionDigest: sha256:05b8e6f32af10787d3e904f94a0924c304ec1dd8357de9351eebd75f8ea9c3ca
        sourceBlobDigest: sha256:aa27f19cd706fdbc92320eea5ca4d28aefd20557554f78a6fa0393320d8ee1d6
        tags:
            - latest
            - main
targets:
    livepeer-python:
        source: livepeer-studio-api
        sourceNamespace: livepeer-studio-api
        sourceRevisionDigest: sha256:05b8e6f32af10787d3e904f94a0924c304ec1dd8357de9351eebd75f8ea9c3ca
        sourceBlobDigest: sha256:aa27f19cd706fdbc92320eea5ca4d28aefd20557554f78a6fa0393320d8ee1d6
    my-first-target:
        source: livepeer-studio-api
        sourceNamespace: livepeer-studio-api
        sourceRevisionDigest: sha256:2c2ae5c13226fad979904d039150d475be68aa6b1982336cd1b1fca10442e6b4
        sourceBlobDigest: sha256:9654f648f1908a242d44f50d26e30aa334924508a90c930b3395f14550833e99
workflow:
    workflowVersion: 1.0.0
    speakeasyVersion: latest
    sources:
        livepeer-studio-api:
            inputs:
                - location: https://raw.githubusercontent.com/livepeer/studio/master/packages/api/src/schema/api-schema.yaml
                - location: https://raw.githubusercontent.com/livepeer/studio/master/packages/api/src/schema/ai-api-schema.yaml
            registry:
                location: registry.speakeasyapi.dev/livepeer/livepeer-studio/livepeer-studio-api
    targets:
        livepeer-python:
            target: python
            source: livepeer-studio-api
            publish:
                pypi:
                    token: $pypi_token
            codeSamples:
                output: codeSamples.yaml
