speakeasyVersion: 1.296.0
sources:
    livepeer-studio-api:
        sourceNamespace: livepeer-studio-api
        sourceRevisionDigest: sha256:b81b41ca91d17ad2ae1c014f0eebfa69d2894797fc90e4d334e93fa5fac41259
        sourceBlobDigest: sha256:484a86d348043527b82eda4e5b1e4608ec35b9b3341a6e08ae7e4fb231e996af
        tags:
            - latest
targets:
    livepeer-python:
        source: livepeer-studio-api
        sourceNamespace: livepeer-studio-api
        sourceRevisionDigest: sha256:b81b41ca91d17ad2ae1c014f0eebfa69d2894797fc90e4d334e93fa5fac41259
        sourceBlobDigest: sha256:484a86d348043527b82eda4e5b1e4608ec35b9b3341a6e08ae7e4fb231e996af
        outLocation: /Users/chase/git/livepeer/livepeer-python
    my-first-target:
        source: livepeer-studio-api
        sourceNamespace: livepeer-studio-api
        sourceRevisionDigest: sha256:2c2ae5c13226fad979904d039150d475be68aa6b1982336cd1b1fca10442e6b4
        sourceBlobDigest: sha256:9654f648f1908a242d44f50d26e30aa334924508a90c930b3395f14550833e99
        outLocation: /Users/chase/git/livepeer/livepeer-python
workflow:
    workflowVersion: 1.0.0
    speakeasyVersion: latest
    sources:
        livepeer-studio-api:
            inputs:
                - location: https://raw.githubusercontent.com/livepeer/studio/master/packages/api/src/schema/api-schema.yaml
            registry:
                location: registry.speakeasyapi.dev/livepeer/livepeer-studio/livepeer-studio-api
    targets:
        livepeer-python:
            target: python
            source: livepeer-studio-api
            codeSamples:
                output: codeSamples.yaml
